# This file is generated by running "yarn install" inside your project.
# Manual changes might be lost - proceed with caution!

__metadata:
  version: 6
  cacheKey: 8

"@lemueldls/eslint-config@workspace:.":
  version: 0.0.0-use.local
  resolution: "@lemueldls/eslint-config@workspace:."
  dependencies:
    "@types/eslint": ^8.4.1
    esbuild: ^0.14.34
    typescript: ^4.6.3
  peerDependencies:
    "@typescript-eslint/eslint-plugin": "*"
    "@typescript-eslint/parser": "*"
    eslint: ">=8.0.0"
    eslint-config-prettier: "*"
    eslint-config-standard: ">=17.0.0-0"
    eslint-import-resolver-typescript: "*"
    eslint-plugin-import: "*"
    eslint-plugin-prettier: "*"
    eslint-plugin-promise: "*"
    eslint-plugin-unicorn: "*"
  languageName: unknown
  linkType: soft

"@types/eslint@npm:^8.4.1":
  version: 8.4.1
  resolution: "@types/eslint@npm:8.4.1"
  dependencies:
    "@types/estree": "*"
    "@types/json-schema": "*"
  checksum: b5790997ee9d3820d16350192d41849b0e2448c9e93650acac672ddf502e35c0a5a25547172a9eec840a96687cd94ba1cee672cbd86640f8f4ff1b65960d2ab9
  languageName: node
  linkType: hard

"@types/estree@npm:*":
  version: 0.0.47
  resolution: "@types/estree@npm:0.0.47"
  checksum: aed5c940436250c25c5e140aa19e7199ba3452e72e1aecc515621507df9e5ed5076ddba84a1684c36d62be841ff3e2bafce8793f16fe6f69d10884449d4461e7
  languageName: node
  linkType: hard

"@types/json-schema@npm:*":
  version: 7.0.7
  resolution: "@types/json-schema@npm:7.0.7"
  checksum: ea3b409235862d28122751158f4054e729e31ad844bd7b8b23868f38c518047b1c0e8e4e7cc293e02c31a2fb8cfc8a4506c2de2a745cf78b218e064fb8898cd4
  languageName: node
  linkType: hard

"esbuild-android-64@npm:0.14.34":
  version: 0.14.34
  resolution: "esbuild-android-64@npm:0.14.34"
  conditions: os=android & cpu=x64
  languageName: node
  linkType: hard

"esbuild-android-arm64@npm:0.14.34":
  version: 0.14.34
  resolution: "esbuild-android-arm64@npm:0.14.34"
  conditions: os=android & cpu=arm64
  languageName: node
  linkType: hard

"esbuild-darwin-64@npm:0.14.34":
  version: 0.14.34
  resolution: "esbuild-darwin-64@npm:0.14.34"
  conditions: os=darwin & cpu=x64
  languageName: node
  linkType: hard

"esbuild-darwin-arm64@npm:0.14.34":
  version: 0.14.34
  resolution: "esbuild-darwin-arm64@npm:0.14.34"
  conditions: os=darwin & cpu=arm64
  languageName: node
  linkType: hard

"esbuild-freebsd-64@npm:0.14.34":
  version: 0.14.34
  resolution: "esbuild-freebsd-64@npm:0.14.34"
  conditions: os=freebsd & cpu=x64
  languageName: node
  linkType: hard

"esbuild-freebsd-arm64@npm:0.14.34":
  version: 0.14.34
  resolution: "esbuild-freebsd-arm64@npm:0.14.34"
  conditions: os=freebsd & cpu=arm64
  languageName: node
  linkType: hard

"esbuild-linux-32@npm:0.14.34":
  version: 0.14.34
  resolution: "esbuild-linux-32@npm:0.14.34"
  conditions: os=linux & cpu=ia32
  languageName: node
  linkType: hard

"esbuild-linux-64@npm:0.14.34":
  version: 0.14.34
  resolution: "esbuild-linux-64@npm:0.14.34"
  conditions: os=linux & cpu=x64
  languageName: node
  linkType: hard

"esbuild-linux-arm64@npm:0.14.34":
  version: 0.14.34
  resolution: "esbuild-linux-arm64@npm:0.14.34"
  conditions: os=linux & cpu=arm64
  languageName: node
  linkType: hard

"esbuild-linux-arm@npm:0.14.34":
  version: 0.14.34
  resolution: "esbuild-linux-arm@npm:0.14.34"
  conditions: os=linux & cpu=arm
  languageName: node
  linkType: hard

"esbuild-linux-mips64le@npm:0.14.34":
  version: 0.14.34
  resolution: "esbuild-linux-mips64le@npm:0.14.34"
  conditions: os=linux & cpu=mips64el
  languageName: node
  linkType: hard

"esbuild-linux-ppc64le@npm:0.14.34":
  version: 0.14.34
  resolution: "esbuild-linux-ppc64le@npm:0.14.34"
  conditions: os=linux & cpu=ppc64
  languageName: node
  linkType: hard

"esbuild-linux-riscv64@npm:0.14.34":
  version: 0.14.34
  resolution: "esbuild-linux-riscv64@npm:0.14.34"
  conditions: os=linux & cpu=riscv64
  languageName: node
  linkType: hard

"esbuild-linux-s390x@npm:0.14.34":
  version: 0.14.34
  resolution: "esbuild-linux-s390x@npm:0.14.34"
  conditions: os=linux & cpu=s390x
  languageName: node
  linkType: hard

"esbuild-netbsd-64@npm:0.14.34":
  version: 0.14.34
  resolution: "esbuild-netbsd-64@npm:0.14.34"
  conditions: os=netbsd & cpu=x64
  languageName: node
  linkType: hard

"esbuild-openbsd-64@npm:0.14.34":
  version: 0.14.34
  resolution: "esbuild-openbsd-64@npm:0.14.34"
  conditions: os=openbsd & cpu=x64
  languageName: node
  linkType: hard

"esbuild-sunos-64@npm:0.14.34":
  version: 0.14.34
  resolution: "esbuild-sunos-64@npm:0.14.34"
  conditions: os=sunos & cpu=x64
  languageName: node
  linkType: hard

"esbuild-windows-32@npm:0.14.34":
  version: 0.14.34
  resolution: "esbuild-windows-32@npm:0.14.34"
  conditions: os=win32 & cpu=ia32
  languageName: node
  linkType: hard

"esbuild-windows-64@npm:0.14.34":
  version: 0.14.34
  resolution: "esbuild-windows-64@npm:0.14.34"
  conditions: os=win32 & cpu=x64
  languageName: node
  linkType: hard

"esbuild-windows-arm64@npm:0.14.34":
  version: 0.14.34
  resolution: "esbuild-windows-arm64@npm:0.14.34"
  conditions: os=win32 & cpu=arm64
  languageName: node
  linkType: hard

"esbuild@npm:^0.14.34":
  version: 0.14.34
  resolution: "esbuild@npm:0.14.34"
  dependencies:
    esbuild-android-64: 0.14.34
    esbuild-android-arm64: 0.14.34
    esbuild-darwin-64: 0.14.34
    esbuild-darwin-arm64: 0.14.34
    esbuild-freebsd-64: 0.14.34
    esbuild-freebsd-arm64: 0.14.34
    esbuild-linux-32: 0.14.34
    esbuild-linux-64: 0.14.34
    esbuild-linux-arm: 0.14.34
    esbuild-linux-arm64: 0.14.34
    esbuild-linux-mips64le: 0.14.34
    esbuild-linux-ppc64le: 0.14.34
    esbuild-linux-riscv64: 0.14.34
    esbuild-linux-s390x: 0.14.34
    esbuild-netbsd-64: 0.14.34
    esbuild-openbsd-64: 0.14.34
    esbuild-sunos-64: 0.14.34
    esbuild-windows-32: 0.14.34
    esbuild-windows-64: 0.14.34
    esbuild-windows-arm64: 0.14.34
  dependenciesMeta:
    esbuild-android-64:
      optional: true
    esbuild-android-arm64:
      optional: true
    esbuild-darwin-64:
      optional: true
    esbuild-darwin-arm64:
      optional: true
    esbuild-freebsd-64:
      optional: true
    esbuild-freebsd-arm64:
      optional: true
    esbuild-linux-32:
      optional: true
    esbuild-linux-64:
      optional: true
    esbuild-linux-arm:
      optional: true
    esbuild-linux-arm64:
      optional: true
    esbuild-linux-mips64le:
      optional: true
    esbuild-linux-ppc64le:
      optional: true
    esbuild-linux-riscv64:
      optional: true
    esbuild-linux-s390x:
      optional: true
    esbuild-netbsd-64:
      optional: true
    esbuild-openbsd-64:
      optional: true
    esbuild-sunos-64:
      optional: true
    esbuild-windows-32:
      optional: true
    esbuild-windows-64:
      optional: true
    esbuild-windows-arm64:
      optional: true
  bin:
    esbuild: bin/esbuild
  checksum: 2f50fc1d48a307c8e1a4ca790e448fd4742aea0405d424989eb03e0b435faa6f5184b14a8244ab17611f91238605bb129e53a6d2e157f44eacea67e5c648bdae
  languageName: node
  linkType: hard

"typescript@npm:^4.6.3":
  version: 4.6.3
  resolution: "typescript@npm:4.6.3"
  bin:
    tsc: bin/tsc
    tsserver: bin/tsserver
  checksum: 255bb26c8cb846ca689dd1c3a56587af4f69055907aa2c154796ea28ee0dea871535b1c78f85a6212c77f2657843a269c3a742d09d81495b97b914bf7920415b
  languageName: node
  linkType: hard

"typescript@patch:typescript@^4.6.3#~builtin<compat/typescript>":
  version: 4.6.3
  resolution: "typescript@patch:typescript@npm%3A4.6.3#~builtin<compat/typescript>::version=4.6.3&hash=bda367"
  bin:
    tsc: bin/tsc
    tsserver: bin/tsserver
  checksum: 6bf45caf847062420592e711bc9c28bf5f9a9a7fa8245343b81493e4ededae33f1774009d1234d911422d1646a2c839f44e1a23ecb111b40a60ac2ea4c1482a8
  languageName: node
  linkType: hard
